# @generated - this file is auto-generated by `mise lock` https://mise.jdx.dev/dev-tools/mise-lock.html

lockfile_version = 1

[[tools.node]]
version = "24.20.0"
backend = "core:node"
specifiers = ["24.20.0"]

[tools.node."platforms.linux-arm64"]
checksum = "sha256:3515603e2487879a39bc75716f1a2affd027500c64ba50e845cf72cb33219013"
url = "https://nodejs.org/dist/v24.20.0/node-v24.20.0-linux-arm64.tar.gz"

[tools.node."platforms.linux-arm64-musl"]
checksum = "sha256:2c8c507ccb0f20812d9526ba8ca454b1652aadef68fc8bad06f07fb1122dd1ef"
url = "https://unofficial-builds.nodejs.org/download/release/v24.20.0/node-v24.20.0-linux-arm64-musl.tar.gz"

[tools.node."platforms.linux-x64"]
checksum = "sha256:855d581f8a4eb1a8117e3426de25fe02770592febcfb31369aee1ffbfee9e8ec"
url = "https://nodejs.org/dist/v24.20.0/node-v24.20.0-linux-x64.tar.gz"

[tools.node."platforms.linux-x64-musl"]
checksum = "sha256:9ae1399fef4bd8990e15773ce1327b336a20b9e97d8c7549f4f42ca73c43f562"
url = "https://unofficial-builds.nodejs.org/download/release/v24.20.0/node-v24.20.0-linux-x64-musl.tar.gz"

[tools.node."platforms.macos-arm64"]
checksum = "sha256:40e5607e5ecb3db9192723776da2d75d966260fc74a7a9e731c1bd67dda96bc8"
url = "https://nodejs.org/dist/v24.20.0/node-v24.20.0-darwin-arm64.tar.gz"

[tools.node."platforms.macos-x64"]
checksum = "sha256:9e5b2644cf107befb6aefca676b96d3296bc10138096f022ed378d6233ed81f4"
url = "https://nodejs.org/dist/v24.20.0/node-v24.20.0-darwin-x64.tar.gz"

[tools.node."platforms.windows-x64"]
checksum = "sha256:6cac9ffbca8f6a47091e4b5c772e0606049c3871cb67d900c0cedde630e545ba"
url = "https://nodejs.org/dist/v24.20.0/node-v24.20.0-win-x64.zip"

[[tools.pnpm]]
version = "12.0.0"
backend = "aqua:pnpm/pnpm"
specifiers = ["12.0.0"]

[tools.pnpm."platforms.linux-arm64"]
checksum = "sha256:04ae74abf0f620189f1dd6cbb2586f8f6267e42268f7992e2f9dfaa67e9b323c"
url = "https://github.com/pnpm/pnpm/releases/download/v12.0.0/pnpm-linux-arm64.tar.gz"
url_api = "https://api.github.com/repos/pnpm/pnpm/releases/assets/530962207"
provenance = "github-attestations"

[tools.pnpm."platforms.linux-arm64-musl"]
checksum = "sha256:474f2df57d21b147a47855e68c6d5662b75bf50d33ee204c8593a7a32dc26d25"
url = "https://github.com/pnpm/pnpm/releases/download/v12.0.0/pnpm-linux-arm64-musl.tar.gz"
url_api = "https://api.github.com/repos/pnpm/pnpm/releases/assets/530962212"
provenance = "github-attestations"

[tools.pnpm."platforms.linux-x64"]
checksum = "sha256:d93497ba07d5dfc7d527b30905fdd24f55c87618ea23ea3af287cdff061510e0"
url = "https://github.com/pnpm/pnpm/releases/download/v12.0.0/pnpm-linux-x64.tar.gz"
url_api = "https://api.github.com/repos/pnpm/pnpm/releases/assets/530962211"
provenance = "github-attestations"

[tools.pnpm."platforms.linux-x64-musl"]
checksum = "sha256:aeb98704e3bc49de0ecb6d3d805b3e6f637287727ed4d9ca3e8ecf2c79e140f0"
url = "https://github.com/pnpm/pnpm/releases/download/v12.0.0/pnpm-linux-x64-musl.tar.gz"
url_api = "https://api.github.com/repos/pnpm/pnpm/releases/assets/530962214"
provenance = "github-attestations"

[tools.pnpm."platforms.macos-arm64"]
checksum = "sha256:c31f5abe796dfc8489ea980cb438844053ad6b402bb4f3eb9abd71086279d75b"
url = "https://github.com/pnpm/pnpm/releases/download/v12.0.0/pnpm-darwin-arm64.tar.gz"
url_api = "https://api.github.com/repos/pnpm/pnpm/releases/assets/530962213"
provenance = "github-attestations"

[tools.pnpm."platforms.macos-x64"]
checksum = "sha256:7fd809ea70a20e0911da456a533731deb530dbde7f3c97a030c97da143ed7466"
url = "https://github.com/pnpm/pnpm/releases/download/v12.0.0/pnpm-darwin-x64.tar.gz"
url_api = "https://api.github.com/repos/pnpm/pnpm/releases/assets/530962209"
provenance = "github-attestations"

[tools.pnpm."platforms.windows-x64"]
checksum = "sha256:092f60a1304fd61df44c6c534d424144146e41cc9b3cb0557372baadc00f29d5"
url = "https://github.com/pnpm/pnpm/releases/download/v12.0.0/pnpm-win32-x64.zip"
url_api = "https://api.github.com/repos/pnpm/pnpm/releases/assets/530962208"
provenance = "github-attestations"

[[tools.python]]
version = "3.14.7"
backend = "core:python"
specifiers = ["3.14.7"]

[tools.python."platforms.linux-arm64"]
checksum = "sha256:7f0b801b0ba2c74531cd2e66ee898569cdf1f323a24383576f2a6761001e01f1"
url = "https://github.com/astral-sh/python-build-standalone/releases/download/20260825/cpython-3.14.7+20260825-aarch64-unknown-linux-gnu-install_only_stripped.tar.gz"
provenance = "github-attestations"

[tools.python."platforms.linux-arm64-musl"]
checksum = "sha256:8f58d8a42e8c6af84d43ba1c9e74e56ce2354b66ec44721b289f5a6c57811fc2"
url = "https://github.com/astral-sh/python-build-standalone/releases/download/20260825/cpython-3.14.7+20260825-aarch64-unknown-linux-musl-install_only_stripped.tar.gz"
provenance = "github-attestations"

[tools.python."platforms.linux-x64"]
checksum = "sha256:a0f39e822fd3b96a2605f30f954acf9a2cdf91faa1385a13e24bc407a41e05ea"
url = "https://github.com/astral-sh/python-build-standalone/releases/download/20260825/cpython-3.14.7+20260825-x86_64-unknown-linux-gnu-install_only_stripped.tar.gz"
provenance = "github-attestations"

[tools.python."platforms.linux-x64-musl"]
checksum = "sha256:22374158b61f9415135614fb7ebdba498a84849921bb5ad025809e925d8bb428"
url = "https://github.com/astral-sh/python-build-standalone/releases/download/20260825/cpython-3.14.7+20260825-x86_64-unknown-linux-musl-install_only_stripped.tar.gz"
provenance = "github-attestations"

[tools.python."platforms.macos-arm64"]
checksum = "sha256:17ecb3d29c49765856370cbb47d948a24ec518be40f607362c1bbb3ebbc5c442"
url = "https://github.com/astral-sh/python-build-standalone/releases/download/20260825/cpython-3.14.7+20260825-aarch64-apple-darwin-install_only_stripped.tar.gz"
provenance = "github-attestations"

[tools.python."platforms.macos-x64"]
checksum = "sha256:1b1e977f6d4fb887c7fa662a8e33f18dfdc9b9cdfaf5cdb003f13b3317947848"
url = "https://github.com/astral-sh/python-build-standalone/releases/download/20260825/cpython-3.14.7+20260825-x86_64-apple-darwin-install_only_stripped.tar.gz"
provenance = "github-attestations"

[tools.python."platforms.windows-x64"]
checksum = "sha256:dec3faa3445d9efc4979e6c74a839be0d1039877367db32ee9c5f6bc91fae3c8"
url = "https://github.com/astral-sh/python-build-standalone/releases/download/20260825/cpython-3.14.7+20260825-x86_64-pc-windows-msvc-install_only_stripped.tar.gz"
provenance = "github-attestations"

[[tools.ruff]]
version = "0.16.8"
backend = "aqua:astral-sh/ruff"
specifiers = ["0.16.8"]

[tools.ruff."platforms.linux-arm64"]
checksum = "sha256:8ff18ee07d6ed3cfbd05fdc9012646a79482c00045dbcbf32416ef8f14ab1f7e"
url = "https://github.com/astral-sh/ruff/releases/download/0.16.8/ruff-aarch64-unknown-linux-gnu.tar.gz"
url_api = "https://api.github.com/repos/astral-sh/ruff/releases/assets/568294361"
provenance = "github-attestations"

[tools.ruff."platforms.linux-arm64-musl"]
checksum = "sha256:57a4e072b6b74a4dd0036b7b253e056bdb70e02c68504ca6f2bfca2707d03fb6"
url = "https://github.com/astral-sh/ruff/releases/download/0.16.8/ruff-aarch64-unknown-linux-musl.tar.gz"
url_api = "https://api.github.com/repos/astral-sh/ruff/releases/assets/568294370"
provenance = "github-attestations"

[tools.ruff."platforms.linux-x64"]
checksum = "sha256:c4a8c7c152532bcb7e7ede4bd6ccd440dcacddffcdcdd79b90090ac6021f41c2"
url = "https://github.com/astral-sh/ruff/releases/download/0.16.8/ruff-x86_64-unknown-linux-gnu.tar.gz"
url_api = "https://api.github.com/repos/astral-sh/ruff/releases/assets/568294510"
provenance = "github-attestations"

[tools.ruff."platforms.linux-x64-musl"]
checksum = "sha256:e56aa612121de356f37d05f3284cd806081fb72d5dbd4814b3810c5a23c562cc"
url = "https://github.com/astral-sh/ruff/releases/download/0.16.8/ruff-x86_64-unknown-linux-musl.tar.gz"
url_api = "https://api.github.com/repos/astral-sh/ruff/releases/assets/568294522"
provenance = "github-attestations"

[tools.ruff."platforms.macos-arm64"]
checksum = "sha256:0ffa53899f2970d24f14fbed8d8265c87180b159b7100794d97a1527dc60fa79"
url = "https://github.com/astral-sh/ruff/releases/download/0.16.8/ruff-aarch64-apple-darwin.tar.gz"
url_api = "https://api.github.com/repos/astral-sh/ruff/releases/assets/568294350"
provenance = "github-attestations"

[tools.ruff."platforms.macos-x64"]
checksum = "sha256:bccb4d49c5c9f7e69fd42df2475730a08a641af31b8e0ee5e775e3dd829c4686"
url = "https://github.com/astral-sh/ruff/releases/download/0.16.8/ruff-x86_64-apple-darwin.tar.gz"
url_api = "https://api.github.com/repos/astral-sh/ruff/releases/assets/568294476"
provenance = "github-attestations"

[tools.ruff."platforms.windows-x64"]
checksum = "sha256:7985e06caf14b0077cb68da41edbf812e1d9654fe4c144d72b71138e96350129"
url = "https://github.com/astral-sh/ruff/releases/download/0.16.8/ruff-x86_64-pc-windows-msvc.zip"
url_api = "https://api.github.com/repos/astral-sh/ruff/releases/assets/568294490"
provenance = "github-attestations"

[[tools.supabase]]
version = "2.119.0"
backend = "aqua:supabase/cli"
specifiers = ["2.119.0"]

[tools.supabase."platforms.linux-arm64"]
checksum = "sha256:3f552f0a3af30fe577c2820df09506a0e1233256441246b0850ed60806ff319d"
url = "https://github.com/supabase/cli/releases/download/v2.119.0/supabase_linux_arm64.tar.gz"
url_api = "https://api.github.com/repos/supabase/cli/releases/assets/601838809"

[tools.supabase."platforms.linux-arm64-musl"]
checksum = "sha256:3f552f0a3af30fe577c2820df09506a0e1233256441246b0850ed60806ff319d"
url = "https://github.com/supabase/cli/releases/download/v2.119.0/supabase_linux_arm64.tar.gz"
url_api = "https://api.github.com/repos/supabase/cli/releases/assets/601838809"

[tools.supabase."platforms.linux-x64"]
checksum = "sha256:bf1c3ae93be98533eb8a3105dbf4564bd0b2d9dc24690d8a920f980ef975c1b4"
url = "https://github.com/supabase/cli/releases/download/v2.119.0/supabase_linux_amd64.tar.gz"
url_api = "https://api.github.com/repos/supabase/cli/releases/assets/601838876"

[tools.supabase."platforms.linux-x64-musl"]
checksum = "sha256:bf1c3ae93be98533eb8a3105dbf4564bd0b2d9dc24690d8a920f980ef975c1b4"
url = "https://github.com/supabase/cli/releases/download/v2.119.0/supabase_linux_amd64.tar.gz"
url_api = "https://api.github.com/repos/supabase/cli/releases/assets/601838876"

[tools.supabase."platforms.macos-arm64"]
checksum = "sha256:cc80ee3a681a2ae735e6d494d9defc56aa6746b487980f6eed39fed8a98f0760"
url = "https://github.com/supabase/cli/releases/download/v2.119.0/supabase_darwin_arm64.tar.gz"
url_api = "https://api.github.com/repos/supabase/cli/releases/assets/601838672"

[tools.supabase."platforms.macos-x64"]
checksum = "sha256:9983f1c15bbba98693542a654f13e8e09899689c3806559478e7fc1f8eed9a36"
url = "https://github.com/supabase/cli/releases/download/v2.119.0/supabase_darwin_amd64.tar.gz"
url_api = "https://api.github.com/repos/supabase/cli/releases/assets/601838745"

[tools.supabase."platforms.windows-x64"]
checksum = "sha256:b16827fcad9260bb31ae4bb316962ac897a677966fca2b0503c7399356969231"
url = "https://github.com/supabase/cli/releases/download/v2.119.0/supabase_windows_amd64.tar.gz"
url_api = "https://api.github.com/repos/supabase/cli/releases/assets/601838957"

[[tools.zizmor]]
version = "1.30.1"
backend = "aqua:zizmorcore/zizmor"
specifiers = ["1.30.1"]

[tools.zizmor."platforms.linux-arm64"]
checksum = "sha256:7ff1dce33bdd18fd2a4affe63bdd47efcccca97b2cec1c1863ec26e9e2647540"
url = "https://github.com/zizmorcore/zizmor/releases/download/v1.30.1/zizmor-aarch64-unknown-linux-gnu.tar.gz"
url_api = "https://api.github.com/repos/zizmorcore/zizmor/releases/assets/552067643"
provenance = "github-attestations"

[tools.zizmor."platforms.linux-arm64-musl"]
provenance = "github-attestations"

[tools.zizmor."platforms.linux-x64"]
checksum = "sha256:e65324f4430c2717591937edcec90ccbefaf14c174f8ec9415e03ca875b46e1a"
url = "https://github.com/zizmorcore/zizmor/releases/download/v1.30.1/zizmor-x86_64-unknown-linux-gnu.tar.gz"
url_api = "https://api.github.com/repos/zizmorcore/zizmor/releases/assets/552067642"
provenance = "github-attestations"

[tools.zizmor."platforms.linux-x64-musl"]
provenance = "github-attestations"

[tools.zizmor."platforms.macos-arm64"]
checksum = "sha256:e28d22b087f9ebb8d99da6e740d348c930f559961c7c3f12badda54f882195a2"
url = "https://github.com/zizmorcore/zizmor/releases/download/v1.30.1/zizmor-aarch64-apple-darwin.tar.gz"
url_api = "https://api.github.com/repos/zizmorcore/zizmor/releases/assets/552067640"
provenance = "github-attestations"

[tools.zizmor."platforms.macos-x64"]
checksum = "sha256:10e6b18b11ea07e515a16f0f0518c7b07527bc9977c1fd5698181ce7f3554202"
url = "https://github.com/zizmorcore/zizmor/releases/download/v1.30.1/zizmor-x86_64-apple-darwin.tar.gz"
url_api = "https://api.github.com/repos/zizmorcore/zizmor/releases/assets/552067641"
provenance = "github-attestations"

[tools.zizmor."platforms.windows-x64"]
checksum = "sha256:b183b1e996eddfab9659f1e9b46e059f1ef1cf984a1f14e5da09f7876a4b3a1c"
url = "https://github.com/zizmorcore/zizmor/releases/download/v1.30.1/zizmor-x86_64-pc-windows-msvc.zip"
url_api = "https://api.github.com/repos/zizmorcore/zizmor/releases/assets/552067645"
provenance = "github-attestations"
