# @generated - this file is auto-generated by `mise lock` https://mise.jdx.dev/dev-tools/mise-lock.html

lockfile_version = 1

[[tools.node]]
version = "24.16.0"
backend = "core:node"
specifiers = ["24.16.0"]

[tools.node."platforms.linux-arm64"]
checksum = "sha256:589f5b6dd4fcfee4dfda73013903c966abaa8abd93dbc9d436544e472b4f0e74"
url = "https://nodejs.org/dist/v24.16.0/node-v24.16.0-linux-arm64.tar.gz"

[tools.node."platforms.linux-arm64-musl"]
checksum = "sha256:85dde27aa73503b03dadfa0410a800067b4e3f702fb7fcaa3beaf284dfcc69e9"
url = "https://unofficial-builds.nodejs.org/download/release/v24.16.0/node-v24.16.0-linux-arm64-musl.tar.gz"

[tools.node."platforms.linux-x64"]
checksum = "sha256:2faf6a387e9b62b888e21c54f01249fb27537ffecf1842f29f4c919d0a59a0ff"
url = "https://nodejs.org/dist/v24.16.0/node-v24.16.0-linux-x64.tar.gz"

[tools.node."platforms.linux-x64-musl"]
checksum = "sha256:50df5d8d474892d4f7b906167df36f77f5b93908f63dc532dc568219cab65841"
url = "https://unofficial-builds.nodejs.org/download/release/v24.16.0/node-v24.16.0-linux-x64-musl.tar.gz"

[tools.node."platforms.macos-arm64"]
checksum = "sha256:39189dab4eeb15706c424af0ac08a3044c9e48f7db12a7d77f6b7aafc7dd5df6"
url = "https://nodejs.org/dist/v24.16.0/node-v24.16.0-darwin-arm64.tar.gz"

[tools.node."platforms.macos-x64"]
checksum = "sha256:298b4c7b3cb80765c8703e42b90324a4ece3b6634947b89e769c3c980ab55185"
url = "https://nodejs.org/dist/v24.16.0/node-v24.16.0-darwin-x64.tar.gz"

[tools.node."platforms.windows-x64"]
checksum = "sha256:edaca9bd58ec8e92037dac4e877d52f6b8f430b81c18b57e264b4e2fb111cd56"
url = "https://nodejs.org/dist/v24.16.0/node-v24.16.0-win-x64.zip"

[[tools.pnpm]]
version = "11.17.0"
backend = "npm:pnpm"
specifiers = ["11.17.0"]

[[tools.python]]
version = "3.12.9"
backend = "core:python"
specifiers = ["3.12.9"]

[tools.python."platforms.linux-arm64"]
checksum = "sha256:0354f70e7d3e2d0c36308edc1815c563d9bae1a3221830f7e222f6bb0a7e1a3a"
url = "https://github.com/astral-sh/python-build-standalone/releases/download/20250317/cpython-3.12.9+20250317-aarch64-unknown-linux-gnu-install_only_stripped.tar.gz"
provenance = "github-attestations"

[tools.python."platforms.linux-x64"]
checksum = "sha256:a36bc60c38fe146e908e2e71fc21266c8558b24a9407226b1d887212839437ef"
url = "https://github.com/astral-sh/python-build-standalone/releases/download/20250317/cpython-3.12.9+20250317-x86_64-unknown-linux-gnu-install_only_stripped.tar.gz"
provenance = "github-attestations"

[tools.python."platforms.linux-x64-musl"]
checksum = "sha256:cb0a1b8e34692b49059ac78c0eda5b5c137262ba5d9b5898dcbeb03c0e6116a3"
url = "https://github.com/astral-sh/python-build-standalone/releases/download/20250317/cpython-3.12.9+20250317-x86_64-unknown-linux-musl-install_only_stripped.tar.gz"
provenance = "github-attestations"

[tools.python."platforms.macos-arm64"]
checksum = "sha256:0a4647b7df3c8eca11071d6cea68a14a4b102bd6fc6afae314e9852510654b7d"
url = "https://github.com/astral-sh/python-build-standalone/releases/download/20250317/cpython-3.12.9+20250317-aarch64-apple-darwin-install_only_stripped.tar.gz"
provenance = "github-attestations"

[tools.python."platforms.macos-x64"]
checksum = "sha256:1a414bf392a7afe08c742502a82edd41893a1144ccbceb184dc5ee6ee9c069c0"
url = "https://github.com/astral-sh/python-build-standalone/releases/download/20250317/cpython-3.12.9+20250317-x86_64-apple-darwin-install_only_stripped.tar.gz"
provenance = "github-attestations"

[tools.python."platforms.windows-x64"]
checksum = "sha256:ee338839315bdd8af5fc935f9595eca20ebebdd250726c5816b2d0cf94d1e661"
url = "https://github.com/astral-sh/python-build-standalone/releases/download/20250317/cpython-3.12.9+20250317-x86_64-pc-windows-msvc-install_only_stripped.tar.gz"
provenance = "github-attestations"

[[tools.ruff]]
version = "0.15.1"
backend = "aqua:astral-sh/ruff"
specifiers = ["0.15.1"]

[tools.ruff."platforms.linux-arm64"]
checksum = "sha256:003848ac89a6d2ca1a2ce4e663daec4f90212fc9fd6f338d7cd692c7c8ae9480"
url = "https://github.com/astral-sh/ruff/releases/download/0.15.1/ruff-aarch64-unknown-linux-gnu.tar.gz"
url_api = "https://api.github.com/repos/astral-sh/ruff/releases/assets/355179032"

[tools.ruff."platforms.linux-arm64-musl"]
checksum = "sha256:05a41b8b7c068633b27e8f9149c70154ac2090e61d48e5ea9983de769593d29c"
url = "https://github.com/astral-sh/ruff/releases/download/0.15.1/ruff-aarch64-unknown-linux-musl.tar.gz"
url_api = "https://api.github.com/repos/astral-sh/ruff/releases/assets/355179036"

[tools.ruff."platforms.linux-x64"]
checksum = "sha256:f63d467b81ef1a7a8552fef001784215bb2fc4d7a7e32216c48aaa3bad066779"
url = "https://github.com/astral-sh/ruff/releases/download/0.15.1/ruff-x86_64-unknown-linux-gnu.tar.gz"
url_api = "https://api.github.com/repos/astral-sh/ruff/releases/assets/355179118"

[tools.ruff."platforms.linux-x64-musl"]
checksum = "sha256:c8d04b4f6ce053809d98d1ef99f897c52e6204708bb157551ede7fbab505fea2"
url = "https://github.com/astral-sh/ruff/releases/download/0.15.1/ruff-x86_64-unknown-linux-musl.tar.gz"
url_api = "https://api.github.com/repos/astral-sh/ruff/releases/assets/355179125"

[tools.ruff."platforms.macos-arm64"]
checksum = "sha256:196f6d4bd380f4a03f9d2d3bcfe17b991145a110f5fc9f5999521cd5e5335e1c"
url = "https://github.com/astral-sh/ruff/releases/download/0.15.1/ruff-aarch64-apple-darwin.tar.gz"
url_api = "https://api.github.com/repos/astral-sh/ruff/releases/assets/355179018"

[tools.ruff."platforms.macos-x64"]
checksum = "sha256:55fd4437b4b6b0c75793525c980bb1d49d9723044edbdd7dcc962cb595d26d51"
url = "https://github.com/astral-sh/ruff/releases/download/0.15.1/ruff-x86_64-apple-darwin.tar.gz"
url_api = "https://api.github.com/repos/astral-sh/ruff/releases/assets/355179104"

[tools.ruff."platforms.windows-x64"]
checksum = "sha256:4bd4d5bb5b3c3fa44a4c3d4748dc03f9fbd53808ff2d3adda75e50b1ec1374e2"
url = "https://github.com/astral-sh/ruff/releases/download/0.15.1/ruff-x86_64-pc-windows-msvc.zip"
url_api = "https://api.github.com/repos/astral-sh/ruff/releases/assets/355179106"

[[tools.supabase]]
version = "2.115.0"
backend = "aqua:supabase/cli"
specifiers = ["2.115.0"]

[tools.supabase."platforms.linux-arm64"]
checksum = "sha256:02d2dfddf41fb6d03d2f1baf6e0c63b32ecc8c4dfddcbe63f9b11aecd2a9111c"
url = "https://github.com/supabase/cli/releases/download/v2.115.0/supabase_linux_arm64.tar.gz"
url_api = "https://api.github.com/repos/supabase/cli/releases/assets/519312154"

[tools.supabase."platforms.linux-arm64-musl"]
checksum = "sha256:02d2dfddf41fb6d03d2f1baf6e0c63b32ecc8c4dfddcbe63f9b11aecd2a9111c"
url = "https://github.com/supabase/cli/releases/download/v2.115.0/supabase_linux_arm64.tar.gz"
url_api = "https://api.github.com/repos/supabase/cli/releases/assets/519312154"

[tools.supabase."platforms.linux-x64"]
checksum = "sha256:ff099608ce758b625532ef03a61f4c9520b995e94ff6cd5480dc0428cad64cb3"
url = "https://github.com/supabase/cli/releases/download/v2.115.0/supabase_linux_amd64.tar.gz"
url_api = "https://api.github.com/repos/supabase/cli/releases/assets/519312147"

[tools.supabase."platforms.linux-x64-musl"]
checksum = "sha256:ff099608ce758b625532ef03a61f4c9520b995e94ff6cd5480dc0428cad64cb3"
url = "https://github.com/supabase/cli/releases/download/v2.115.0/supabase_linux_amd64.tar.gz"
url_api = "https://api.github.com/repos/supabase/cli/releases/assets/519312147"

[tools.supabase."platforms.macos-arm64"]
checksum = "sha256:5b25574efd0a67905073085783da3659737d237e5137e3adfe1a9858e94f40dc"
url = "https://github.com/supabase/cli/releases/download/v2.115.0/supabase_darwin_arm64.tar.gz"
url_api = "https://api.github.com/repos/supabase/cli/releases/assets/519312144"

[tools.supabase."platforms.macos-x64"]
checksum = "sha256:0ef10f633c72ea14be92ccd2905af1a92472dfc1e7518e04e887bfca0b45b851"
url = "https://github.com/supabase/cli/releases/download/v2.115.0/supabase_darwin_amd64.tar.gz"
url_api = "https://api.github.com/repos/supabase/cli/releases/assets/519312152"

[tools.supabase."platforms.windows-x64"]
checksum = "sha256:2cf6ab2750a3a2e91347221212a5cb556db805470e1981bea580d73d4dc8df36"
url = "https://github.com/supabase/cli/releases/download/v2.115.0/supabase_windows_amd64.tar.gz"
url_api = "https://api.github.com/repos/supabase/cli/releases/assets/519312146"
