# @generated - this file is auto-generated by `mise lock` https://mise.jdx.dev/dev-tools/mise-lock.html

lockfile_version = 1

[[tools.node]]
version = "24.20.0"
backend = "core:node"
specifiers = ["24.20.0"]

[tools.node."platforms.linux-arm64"]
checksum = "sha256:3515603e2487879a39bc75716f1a2affd027500c64ba50e845cf72cb33219013"
url = "https://nodejs.org/dist/v24.20.0/node-v24.20.0-linux-arm64.tar.gz"

[tools.node."platforms.linux-arm64-musl"]
checksum = "sha256:2c8c507ccb0f20812d9526ba8ca454b1652aadef68fc8bad06f07fb1122dd1ef"
url = "https://unofficial-builds.nodejs.org/download/release/v24.20.0/node-v24.20.0-linux-arm64-musl.tar.gz"

[tools.node."platforms.linux-x64"]
checksum = "sha256:855d581f8a4eb1a8117e3426de25fe02770592febcfb31369aee1ffbfee9e8ec"
url = "https://nodejs.org/dist/v24.20.0/node-v24.20.0-linux-x64.tar.gz"

[tools.node."platforms.linux-x64-musl"]
checksum = "sha256:9ae1399fef4bd8990e15773ce1327b336a20b9e97d8c7549f4f42ca73c43f562"
url = "https://unofficial-builds.nodejs.org/download/release/v24.20.0/node-v24.20.0-linux-x64-musl.tar.gz"

[tools.node."platforms.macos-arm64"]
checksum = "sha256:40e5607e5ecb3db9192723776da2d75d966260fc74a7a9e731c1bd67dda96bc8"
url = "https://nodejs.org/dist/v24.20.0/node-v24.20.0-darwin-arm64.tar.gz"

[tools.node."platforms.macos-x64"]
checksum = "sha256:9e5b2644cf107befb6aefca676b96d3296bc10138096f022ed378d6233ed81f4"
url = "https://nodejs.org/dist/v24.20.0/node-v24.20.0-darwin-x64.tar.gz"

[tools.node."platforms.windows-x64"]
checksum = "sha256:6cac9ffbca8f6a47091e4b5c772e0606049c3871cb67d900c0cedde630e545ba"
url = "https://nodejs.org/dist/v24.20.0/node-v24.20.0-win-x64.zip"

[[tools.pnpm]]
version = "12.0.0"
backend = "aqua:pnpm/pnpm"
specifiers = ["12.0.0"]

[tools.pnpm."platforms.linux-arm64"]
checksum = "sha256:04ae74abf0f620189f1dd6cbb2586f8f6267e42268f7992e2f9dfaa67e9b323c"
url = "https://github.com/pnpm/pnpm/releases/download/v12.0.0/pnpm-linux-arm64.tar.gz"
url_api = "https://api.github.com/repos/pnpm/pnpm/releases/assets/530962207"
provenance = "github-attestations"

[tools.pnpm."platforms.linux-arm64-musl"]
checksum = "sha256:474f2df57d21b147a47855e68c6d5662b75bf50d33ee204c8593a7a32dc26d25"
url = "https://github.com/pnpm/pnpm/releases/download/v12.0.0/pnpm-linux-arm64-musl.tar.gz"
url_api = "https://api.github.com/repos/pnpm/pnpm/releases/assets/530962212"
provenance = "github-attestations"

[tools.pnpm."platforms.linux-x64"]
checksum = "sha256:d93497ba07d5dfc7d527b30905fdd24f55c87618ea23ea3af287cdff061510e0"
url = "https://github.com/pnpm/pnpm/releases/download/v12.0.0/pnpm-linux-x64.tar.gz"
url_api = "https://api.github.com/repos/pnpm/pnpm/releases/assets/530962211"
provenance = "github-attestations"

[tools.pnpm."platforms.linux-x64-musl"]
checksum = "sha256:aeb98704e3bc49de0ecb6d3d805b3e6f637287727ed4d9ca3e8ecf2c79e140f0"
url = "https://github.com/pnpm/pnpm/releases/download/v12.0.0/pnpm-linux-x64-musl.tar.gz"
url_api = "https://api.github.com/repos/pnpm/pnpm/releases/assets/530962214"
provenance = "github-attestations"

[tools.pnpm."platforms.macos-arm64"]
checksum = "sha256:c31f5abe796dfc8489ea980cb438844053ad6b402bb4f3eb9abd71086279d75b"
url = "https://github.com/pnpm/pnpm/releases/download/v12.0.0/pnpm-darwin-arm64.tar.gz"
url_api = "https://api.github.com/repos/pnpm/pnpm/releases/assets/530962213"
provenance = "github-attestations"

[tools.pnpm."platforms.macos-x64"]
checksum = "sha256:7fd809ea70a20e0911da456a533731deb530dbde7f3c97a030c97da143ed7466"
url = "https://github.com/pnpm/pnpm/releases/download/v12.0.0/pnpm-darwin-x64.tar.gz"
url_api = "https://api.github.com/repos/pnpm/pnpm/releases/assets/530962209"
provenance = "github-attestations"

[tools.pnpm."platforms.windows-x64"]
checksum = "sha256:092f60a1304fd61df44c6c534d424144146e41cc9b3cb0557372baadc00f29d5"
url = "https://github.com/pnpm/pnpm/releases/download/v12.0.0/pnpm-win32-x64.zip"
url_api = "https://api.github.com/repos/pnpm/pnpm/releases/assets/530962208"
provenance = "github-attestations"

[[tools.python]]
version = "3.14.7"
backend = "core:python"
specifiers = ["3.14.7"]

[tools.python."platforms.linux-arm64"]
checksum = "sha256:7f0b801b0ba2c74531cd2e66ee898569cdf1f323a24383576f2a6761001e01f1"
url = "https://github.com/astral-sh/python-build-standalone/releases/download/20260825/cpython-3.14.7+20260825-aarch64-unknown-linux-gnu-install_only_stripped.tar.gz"
provenance = "github-attestations"

[tools.python."platforms.linux-arm64-musl"]
checksum = "sha256:8f58d8a42e8c6af84d43ba1c9e74e56ce2354b66ec44721b289f5a6c57811fc2"
url = "https://github.com/astral-sh/python-build-standalone/releases/download/20260825/cpython-3.14.7+20260825-aarch64-unknown-linux-musl-install_only_stripped.tar.gz"
provenance = "github-attestations"

[tools.python."platforms.linux-x64"]
checksum = "sha256:a0f39e822fd3b96a2605f30f954acf9a2cdf91faa1385a13e24bc407a41e05ea"
url = "https://github.com/astral-sh/python-build-standalone/releases/download/20260825/cpython-3.14.7+20260825-x86_64-unknown-linux-gnu-install_only_stripped.tar.gz"
provenance = "github-attestations"

[tools.python."platforms.linux-x64-musl"]
checksum = "sha256:22374158b61f9415135614fb7ebdba498a84849921bb5ad025809e925d8bb428"
url = "https://github.com/astral-sh/python-build-standalone/releases/download/20260825/cpython-3.14.7+20260825-x86_64-unknown-linux-musl-install_only_stripped.tar.gz"
provenance = "github-attestations"

[tools.python."platforms.macos-arm64"]
checksum = "sha256:17ecb3d29c49765856370cbb47d948a24ec518be40f607362c1bbb3ebbc5c442"
url = "https://github.com/astral-sh/python-build-standalone/releases/download/20260825/cpython-3.14.7+20260825-aarch64-apple-darwin-install_only_stripped.tar.gz"
provenance = "github-attestations"

[tools.python."platforms.macos-x64"]
checksum = "sha256:1b1e977f6d4fb887c7fa662a8e33f18dfdc9b9cdfaf5cdb003f13b3317947848"
url = "https://github.com/astral-sh/python-build-standalone/releases/download/20260825/cpython-3.14.7+20260825-x86_64-apple-darwin-install_only_stripped.tar.gz"
provenance = "github-attestations"

[tools.python."platforms.windows-x64"]
checksum = "sha256:dec3faa3445d9efc4979e6c74a839be0d1039877367db32ee9c5f6bc91fae3c8"
url = "https://github.com/astral-sh/python-build-standalone/releases/download/20260825/cpython-3.14.7+20260825-x86_64-pc-windows-msvc-install_only_stripped.tar.gz"
provenance = "github-attestations"

[[tools.ruff]]
version = "0.16.9"
backend = "aqua:astral-sh/ruff"
specifiers = ["0.16.9"]

[tools.ruff."platforms.linux-arm64"]
checksum = "sha256:a13061e8f471b49c9d2aa284c32dd54a0e5534d702d1a44e1d7f4c875569586d"
url = "https://github.com/astral-sh/ruff/releases/download/0.16.9/ruff-aarch64-unknown-linux-gnu.tar.gz"
url_api = "https://api.github.com/repos/astral-sh/ruff/releases/assets/586787931"
provenance = "github-attestations"

[tools.ruff."platforms.linux-arm64-musl"]
checksum = "sha256:40d9feb7210a6d984bb98b5f825afdcf36216ee464a884e26c104f97226c7713"
url = "https://github.com/astral-sh/ruff/releases/download/0.16.9/ruff-aarch64-unknown-linux-musl.tar.gz"
url_api = "https://api.github.com/repos/astral-sh/ruff/releases/assets/586787936"
provenance = "github-attestations"

[tools.ruff."platforms.linux-x64"]
checksum = "sha256:1bfbb819b5d4f9af501748862276b60e412d336034d99387691a4d4bce7a6f13"
url = "https://github.com/astral-sh/ruff/releases/download/0.16.9/ruff-x86_64-unknown-linux-gnu.tar.gz"
url_api = "https://api.github.com/repos/astral-sh/ruff/releases/assets/586788051"
provenance = "github-attestations"

[tools.ruff."platforms.linux-x64-musl"]
checksum = "sha256:6a561ed4bc860472f7833dfb0f0b8285d3969fa627188c5678ea4ac2c462bbee"
url = "https://github.com/astral-sh/ruff/releases/download/0.16.9/ruff-x86_64-unknown-linux-musl.tar.gz"
url_api = "https://api.github.com/repos/astral-sh/ruff/releases/assets/586788060"
provenance = "github-attestations"

[tools.ruff."platforms.macos-arm64"]
checksum = "sha256:33d35394499094cf6eb90f730dc82f11c0fab05d176378ae4f67de985ecc4146"
url = "https://github.com/astral-sh/ruff/releases/download/0.16.9/ruff-aarch64-apple-darwin.tar.gz"
url_api = "https://api.github.com/repos/astral-sh/ruff/releases/assets/586787913"
provenance = "github-attestations"

[tools.ruff."platforms.macos-x64"]
checksum = "sha256:e98ea259a021c87d3a1f8bf18639d2e32dcd45cb2ef1afcb41b13e295de1e2b3"
url = "https://github.com/astral-sh/ruff/releases/download/0.16.9/ruff-x86_64-apple-darwin.tar.gz"
url_api = "https://api.github.com/repos/astral-sh/ruff/releases/assets/586788039"
provenance = "github-attestations"

[tools.ruff."platforms.windows-x64"]
checksum = "sha256:fe5eb06b2f185b0d8035e17df9df0c831e59b3c98f11170206500650218a0b76"
url = "https://github.com/astral-sh/ruff/releases/download/0.16.9/ruff-x86_64-pc-windows-msvc.zip"
url_api = "https://api.github.com/repos/astral-sh/ruff/releases/assets/586788044"
provenance = "github-attestations"

[[tools.supabase]]
version = "2.118.0"
backend = "aqua:supabase/cli"
specifiers = ["2.118.0"]

[tools.supabase."platforms.linux-arm64"]
checksum = "sha256:0cd35fea97c2c93dce8a2cd661311be88c107233946cbe3692566196238859c5"
url = "https://github.com/supabase/cli/releases/download/v2.118.0/supabase_linux_arm64.tar.gz"
url_api = "https://api.github.com/repos/supabase/cli/releases/assets/588409863"

[tools.supabase."platforms.linux-arm64-musl"]
checksum = "sha256:0cd35fea97c2c93dce8a2cd661311be88c107233946cbe3692566196238859c5"
url = "https://github.com/supabase/cli/releases/download/v2.118.0/supabase_linux_arm64.tar.gz"
url_api = "https://api.github.com/repos/supabase/cli/releases/assets/588409863"

[tools.supabase."platforms.linux-x64"]
checksum = "sha256:f6089a86fb9d9221c958193a277338daddd6822f706929943812fa32e106c86d"
url = "https://github.com/supabase/cli/releases/download/v2.118.0/supabase_linux_amd64.tar.gz"
url_api = "https://api.github.com/repos/supabase/cli/releases/assets/588409853"

[tools.supabase."platforms.linux-x64-musl"]
checksum = "sha256:f6089a86fb9d9221c958193a277338daddd6822f706929943812fa32e106c86d"
url = "https://github.com/supabase/cli/releases/download/v2.118.0/supabase_linux_amd64.tar.gz"
url_api = "https://api.github.com/repos/supabase/cli/releases/assets/588409853"

[tools.supabase."platforms.macos-arm64"]
checksum = "sha256:201a4613c60700c0d6fed07528344c27ad6556cd9c50d2c313c1672094f37477"
url = "https://github.com/supabase/cli/releases/download/v2.118.0/supabase_darwin_arm64.tar.gz"
url_api = "https://api.github.com/repos/supabase/cli/releases/assets/588409860"

[tools.supabase."platforms.macos-x64"]
checksum = "sha256:81ab3e67d85f6e4fa71deb18860ef252a6826eef9dad9d494259735d61a55adc"
url = "https://github.com/supabase/cli/releases/download/v2.118.0/supabase_darwin_amd64.tar.gz"
url_api = "https://api.github.com/repos/supabase/cli/releases/assets/588409850"

[tools.supabase."platforms.windows-x64"]
checksum = "sha256:612df3b38a2c573707e2f24e64a2f3344f10ecab355adc6e202c2e7597429e45"
url = "https://github.com/supabase/cli/releases/download/v2.118.0/supabase_windows_amd64.tar.gz"
url_api = "https://api.github.com/repos/supabase/cli/releases/assets/588409862"

[[tools.zizmor]]
version = "1.30.1"
backend = "aqua:zizmorcore/zizmor"
specifiers = ["1.30.1"]

[tools.zizmor."platforms.linux-arm64"]
checksum = "sha256:7ff1dce33bdd18fd2a4affe63bdd47efcccca97b2cec1c1863ec26e9e2647540"
url = "https://github.com/zizmorcore/zizmor/releases/download/v1.30.1/zizmor-aarch64-unknown-linux-gnu.tar.gz"
url_api = "https://api.github.com/repos/zizmorcore/zizmor/releases/assets/552067643"
provenance = "github-attestations"

[tools.zizmor."platforms.linux-arm64-musl"]
provenance = "github-attestations"

[tools.zizmor."platforms.linux-x64"]
checksum = "sha256:e65324f4430c2717591937edcec90ccbefaf14c174f8ec9415e03ca875b46e1a"
url = "https://github.com/zizmorcore/zizmor/releases/download/v1.30.1/zizmor-x86_64-unknown-linux-gnu.tar.gz"
url_api = "https://api.github.com/repos/zizmorcore/zizmor/releases/assets/552067642"
provenance = "github-attestations"

[tools.zizmor."platforms.linux-x64-musl"]
provenance = "github-attestations"

[tools.zizmor."platforms.macos-arm64"]
checksum = "sha256:e28d22b087f9ebb8d99da6e740d348c930f559961c7c3f12badda54f882195a2"
url = "https://github.com/zizmorcore/zizmor/releases/download/v1.30.1/zizmor-aarch64-apple-darwin.tar.gz"
url_api = "https://api.github.com/repos/zizmorcore/zizmor/releases/assets/552067640"
provenance = "github-attestations"

[tools.zizmor."platforms.macos-x64"]
checksum = "sha256:10e6b18b11ea07e515a16f0f0518c7b07527bc9977c1fd5698181ce7f3554202"
url = "https://github.com/zizmorcore/zizmor/releases/download/v1.30.1/zizmor-x86_64-apple-darwin.tar.gz"
url_api = "https://api.github.com/repos/zizmorcore/zizmor/releases/assets/552067641"
provenance = "github-attestations"

[tools.zizmor."platforms.windows-x64"]
checksum = "sha256:b183b1e996eddfab9659f1e9b46e059f1ef1cf984a1f14e5da09f7876a4b3a1c"
url = "https://github.com/zizmorcore/zizmor/releases/download/v1.30.1/zizmor-x86_64-pc-windows-msvc.zip"
url_api = "https://api.github.com/repos/zizmorcore/zizmor/releases/assets/552067645"
provenance = "github-attestations"
